# THIS IS AN AUTOGENERATED FILE. DO NOT EDIT THIS FILE DIRECTLY.
# yarn lockfile v1


"@rbxts/types@^1.0.867":
  version "1.0.867"
  resolved "https://registry.yarnpkg.com/@rbxts/types/-/types-1.0.867.tgz#4d525c62cd0479ddd6e5bee55bf8bae7291daa19"
  integrity sha512-myYpy+9pPoVW3soJfv/ljUEGI62eeWlS+/iE3wORw/ND/QmVSJ5GLCfNPC//Wl8xqAZdd7Jv1WEtU4+TWBOnwA==
